{
  "name": "@airspeed-co/airframe",
  "version": "0.1.0",
  "lockfileVersion": 3,
  "requires": true,
  "packages": {
    "": {
      "name": "@airspeed-co/airframe",
      "version": "0.1.0",
      "license": "MIT",
      "devDependencies": {
        "@cloudflare/workers-types": "^5.20260730.1",
        "preact": "^10.29.7",
        "typescript": "^6.0.3"
      },
      "peerDependencies": {
        "preact": "^10.29.0"
      }
    },
    "node_modules/@cloudflare/workers-types": {
      "version": "5.20260730.1",
      "resolved": "https://registry.npmjs.org/@cloudflare/workers-types/-/workers-types-5.20260730.1.tgz",
      "integrity": "sha512-3e1cBXcPTwXBk2ur0CfxZKQKL6X7vUZlOn1R7VYU0zZVJcSKFcq1AoOZM+ps0LuL0uTAxdcLg+qwXrBXVu+UuQ==",
      "dev": true,
      "license": "MIT OR Apache-2.0"
    },
    "node_modules/preact": {
      "version": "10.29.7",
      "resolved": "https://registry.npmjs.org/preact/-/preact-10.29.7.tgz",
      "integrity": "sha512-DCHYrK/B10yUD3ZjLfhZ3WIE/9Vf9VFUODcRE2dRomTYDpJk6z6L9wecSfhfE6M9ZTHUdyQkoC46arIDhEV84Q==",
      "dev": true,
      "license": "MIT",
      "funding": {
        "type": "opencollective",
        "url": "https://opencollective.com/preact"
      },
      "peerDependencies": {
        "preact-render-to-string": ">=5"
      },
      "peerDependenciesMeta": {
        "preact-render-to-string": {
          "optional": true
        }
      }
    },
    "node_modules/typescript": {
      "version": "6.0.3",
      "resolved": "https://registry.npmjs.org/typescript/-/typescript-6.0.3.tgz",
      "integrity": "sha512-y2TvuxSZPDyQakkFRPZHKFm+KKVqIisdg9/CZwm9ftvKXLP8NRWj38/ODjNbr43SsoXqNuAisEf1GdCxqWcdBw==",
      "dev": true,
      "license": "Apache-2.0",
      "bin": {
        "tsc": "bin/tsc",
        "tsserver": "bin/tsserver"
      },
      "engines": {
        "node": ">=14.17"
      }
    }
  }
}
